// !$*UTF8*$!
{
	archiveVersion = 1;
	classes = {
	};
	objectVersion = 56;
	objects = {

/* Begin PBXBuildFile section */
		7AEED3572C5B86A5005E6B60 /* AppDelegate.swift in Sources */ = {isa = PBXBuildFile; fileRef = 7AEED3562C5B86A5005E6B60 /* AppDelegate.swift */; };
		7AEED35B2C5B86A5005E6B60 /* SearchViewController.swift in Sources */ = {isa = PBXBuildFile; fileRef = 7AEED35A2C5B86A5005E6B60 /* SearchViewController.swift */; };
		7AEED3602C5B86A6005E6B60 /* Assets.xcassets in Resources */ = {isa = PBXBuildFile; fileRef = 7AEED35F2C5B86A6005E6B60 /* Assets.xcassets */; };
		7AEED3632C5B86A6005E6B60 /* Base in Resources */ = {isa = PBXBuildFile; fileRef = 7AEED3622C5B86A6005E6B60 /* Base */; };
		7AEED3732C5B95B0005E6B60 /* ResultCell.swift in Sources */ = {isa = PBXBuildFile; fileRef = 7AEED3722C5B95B0005E6B60 /* ResultCell.swift */; };
		7AEED3762C5B99C7005E6B60 /* IconsModel.swift in Sources */ = {isa = PBXBuildFile; fileRef = 7AEED3752C5B99C7005E6B60 /* IconsModel.swift */; };
		7AEED3792C5B9C28005E6B60 /* ImageCache.swift in Sources */ = {isa = PBXBuildFile; fileRef = 7AEED3782C5B9C28005E6B60 /* ImageCache.swift */; };
		7AEED37C2C5B9C69005E6B60 /* UIImageView + Ext.swift in Sources */ = {isa = PBXBuildFile; fileRef = 7AEED37B2C5B9C69005E6B60 /* UIImageView + Ext.swift */; };
		7AEED37F2C5B9F58005E6B60 /* NetworkService.swift in Sources */ = {isa = PBXBuildFile; fileRef = 7AEED37E2C5B9F58005E6B60 /* NetworkService.swift */; };
/* End PBXBuildFile section */

/* Begin PBXFileReference section */
		7AEED3532C5B86A5005E6B60 /* IconSearch.app */ = {isa = PBXFileReference; explicitFileType = wrapper.application; includeInIndex = 0; path = IconSearch.app; sourceTree = BUILT_PRODUCTS_DIR; };
		7AEED3562C5B86A5005E6B60 /* AppDelegate.swift */ = {isa = PBXFileReference; lastKnownFileType = sourcecode.swift; path = AppDelegate.swift; sourceTree = "<group>"; };
		7AEED35A2C5B86A5005E6B60 /* SearchViewController.swift */ = {isa = PBXFileReference; lastKnownFileType = sourcecode.swift; path = SearchViewController.swift; sourceTree = "<group>"; };
		7AEED35F2C5B86A6005E6B60 /* Assets.xcassets */ = {isa = PBXFileReference; lastKnownFileType = folder.assetcatalog; path = Assets.xcassets; sourceTree = "<group>"; };
		7AEED3622C5B86A6005E6B60 /* Base */ = {isa = PBXFileReference; lastKnownFileType = file.storyboard; name = Base; path = Base.lproj/LaunchScreen.storyboard; sourceTree = "<group>"; };
		7AEED3642C5B86A6005E6B60 /* Info.plist */ = {isa = PBXFileReference; lastKnownFileType = text.plist.xml; path = Info.plist; sourceTree = "<group>"; };
		7AEED3722C5B95B0005E6B60 /* ResultCell.swift */ = {isa = PBXFileReference; lastKnownFileType = sourcecode.swift; path = ResultCell.swift; sourceTree = "<group>"; };
		7AEED3752C5B99C7005E6B60 /* IconsModel.swift */ = {isa = PBXFileReference; lastKnownFileType = sourcecode.swift; path = IconsModel.swift; sourceTree = "<group>"; };
		7AEED3782C5B9C28005E6B60 /* ImageCache.swift */ = {isa = PBXFileReference; lastKnownFileType = sourcecode.swift; path = ImageCache.swift; sourceTree = "<group>"; };
		7AEED37B2C5B9C69005E6B60 /* UIImageView + Ext.swift */ = {isa = PBXFileReference; lastKnownFileType = sourcecode.swift; path = "UIImageView + Ext.swift"; sourceTree = "<group>"; };
		7AEED37E2C5B9F58005E6B60 /* NetworkService.swift */ = {isa = PBXFileReference; lastKnownFileType = sourcecode.swift; path = NetworkService.swift; sourceTree = "<group>"; };
/* End PBXFileReference section */

/* Begin PBXFrameworksBuildPhase section */
		7AEED3502C5B86A5005E6B60 /* Frameworks */ = {
			isa = PBXFrameworksBuildPhase;
			buildActionMask = 2147483647;
			files = (
			);
			runOnlyForDeploymentPostprocessing = 0;
		};
/* End PBXFrameworksBuildPhase section */

/* Begin PBXGroup section */
		7AEED34A2C5B86A5005E6B60 = {
			isa = PBXGroup;
			children = (
				7AEED3552C5B86A5005E6B60 /* IconSearch */,
				7AEED3542C5B86A5005E6B60 /* Products */,
			);
			sourceTree = "<group>";
		};
		7AEED3542C5B86A5005E6B60 /* Products */ = {
			isa = PBXGroup;
			children = (
				7AEED3532C5B86A5005E6B60 /* IconSearch.app */,
			);
			name = Products;
			sourceTree = "<group>";
		};
		7AEED3552C5B86A5005E6B60 /* IconSearch */ = {
			isa = PBXGroup;
			children = (
				7AEED36B2C5B877F005E6B60 /* AppDelegate */,
				7AEED3772C5B9C14005E6B60 /* Classes */,
				7AEED37A2C5B9C55005E6B60 /* Extensions */,
				7AEED3742C5B98EF005E6B60 /* Models */,
				7AEED36A2C5B86BF005E6B60 /* Resources */,
				7AEED37D2C5B9F4B005E6B60 /* Service */,
			);
			path = IconSearch;
			sourceTree = "<group>";
		};
		7AEED36A2C5B86BF005E6B60 /* Resources */ = {
			isa = PBXGroup;
			children = (
				7AEED35F2C5B86A6005E6B60 /* Assets.xcassets */,
				7AEED3642C5B86A6005E6B60 /* Info.plist */,
				7AEED3612C5B86A6005E6B60 /* LaunchScreen.storyboard */,
			);
			path = Resources;
			sourceTree = "<group>";
		};
		7AEED36B2C5B877F005E6B60 /* AppDelegate */ = {
			isa = PBXGroup;
			children = (
				7AEED3562C5B86A5005E6B60 /* AppDelegate.swift */,
			);
			path = AppDelegate;
			sourceTree = "<group>";
		};
		7AEED36F2C5B8A2B005E6B60 /* Modules */ = {
			isa = PBXGroup;
			children = (
				7AEED3702C5B8A37005E6B60 /* SearchViewController */,
			);
			path = Modules;
			sourceTree = "<group>";
		};
		7AEED3702C5B8A37005E6B60 /* SearchViewController */ = {
			isa = PBXGroup;
			children = (
				7AEED3712C5B959F005E6B60 /* Cells */,
				7AEED35A2C5B86A5005E6B60 /* SearchViewController.swift */,
			);
			path = SearchViewController;
			sourceTree = "<group>";
		};
		7AEED3712C5B959F005E6B60 /* Cells */ = {
			isa = PBXGroup;
			children = (
				7AEED3722C5B95B0005E6B60 /* ResultCell.swift */,
			);
			path = Cells;
			sourceTree = "<group>";
		};
		7AEED3742C5B98EF005E6B60 /* Models */ = {
			isa = PBXGroup;
			children = (
				7AEED3752C5B99C7005E6B60 /* IconsModel.swift */,
			);
			path = Models;
			sourceTree = "<group>";
		};
		7AEED3772C5B9C14005E6B60 /* Classes */ = {
			isa = PBXGroup;
			children = (
				7AEED36F2C5B8A2B005E6B60 /* Modules */,
				7AEED3782C5B9C28005E6B60 /* ImageCache.swift */,
			);
			path = Classes;
			sourceTree = "<group>";
		};
		7AEED37A2C5B9C55005E6B60 /* Extensions */ = {
			isa = PBXGroup;
			children = (
				7AEED37B2C5B9C69005E6B60 /* UIImageView + Ext.swift */,
			);
			path = Extensions;
			sourceTree = "<group>";
		};
		7AEED37D2C5B9F4B005E6B60 /* Service */ = {
			isa = PBXGroup;
			children = (
				7AEED37E2C5B9F58005E6B60 /* NetworkService.swift */,
			);
			path = Service;
			sourceTree = "<group>";
		};
/* End PBXGroup section */

/* Begin PBXNativeTarget section */
		7AEED3522C5B86A5005E6B60 /* IconSearch */ = {
			isa = PBXNativeTarget;
			buildConfigurationList = 7AEED3672C5B86A6005E6B60 /* Build configuration list for PBXNativeTarget "IconSearch" */;
			buildPhases = (
				7AEED34F2C5B86A5005E6B60 /* Sources */,
				7AEED3502C5B86A5005E6B60 /* Frameworks */,
				7AEED3512C5B86A5005E6B60 /* Resources */,
			);
			buildRules = (
			);
			dependencies = (
			);
			name = IconSearch;
			productName = IconSearch;
			productReference = 7AEED3532C5B86A5005E6B60 /* IconSearch.app */;
			productType = "com.apple.product-type.application";
		};
/* End PBXNativeTarget section */

/* Begin PBXProject section */
		7AEED34B2C5B86A5005E6B60 /* Project object */ = {
			isa = PBXProject;
			attributes = {
				BuildIndependentTargetsInParallel = 1;
				LastSwiftUpdateCheck = 1540;
				LastUpgradeCheck = 1540;
				TargetAttributes = {
					7AEED3522C5B86A5005E6B60 = {
						CreatedOnToolsVersion = 15.4;
					};
				};
			};
			buildConfigurationList = 7AEED34E2C5B86A5005E6B60 /* Build configuration list for PBXProject "IconSearch" */;
			compatibilityVersion = "Xcode 14.0";
			developmentRegion = en;
			hasScannedForEncodings = 0;
			knownRegions = (
				en,
				Base,
			);
			mainGroup = 7AEED34A2C5B86A5005E6B60;
			productRefGroup = 7AEED3542C5B86A5005E6B60 /* Products */;
			projectDirPath = "";
			projectRoot = "";
			targets = (
				7AEED3522C5B86A5005E6B60 /* IconSearch */,
			);
		};
/* End PBXProject section */

/* Begin PBXResourcesBuildPhase section */
		7AEED3512C5B86A5005E6B60 /* Resources */ = {
			isa = PBXResourcesBuildPhase;
			buildActionMask = 2147483647;
			files = (
				7AEED3602C5B86A6005E6B60 /* Assets.xcassets in Resources */,
				7AEED3632C5B86A6005E6B60 /* Base in Resources */,
			);
			runOnlyForDeploymentPostprocessing = 0;
		};
/* End PBXResourcesBuildPhase section */

/* Begin PBXSourcesBuildPhase section */
		7AEED34F2C5B86A5005E6B60 /* Sources */ = {
			isa = PBXSourcesBuildPhase;
			buildActionMask = 2147483647;
			files = (
				7AEED3792C5B9C28005E6B60 /* ImageCache.swift in Sources */,
				7AEED3762C5B99C7005E6B60 /* IconsModel.swift in Sources */,
				7AEED35B2C5B86A5005E6B60 /* SearchViewController.swift in Sources */,
				7AEED3572C5B86A5005E6B60 /* AppDelegate.swift in Sources */,
				7AEED37C2C5B9C69005E6B60 /* UIImageView + Ext.swift in Sources */,
				7AEED3732C5B95B0005E6B60 /* ResultCell.swift in Sources */,
				7AEED37F2C5B9F58005E6B60 /* NetworkService.swift in Sources */,
			);
			runOnlyForDeploymentPostprocessing = 0;
		};
/* End PBXSourcesBuildPhase section */

/* Begin PBXVariantGroup section */
		7AEED3612C5B86A6005E6B60 /* LaunchScreen.storyboard */ = {
			isa = PBXVariantGroup;
			children = (
				7AEED3622C5B86A6005E6B60 /* Base */,
			);
			name = LaunchScreen.storyboard;
			sourceTree = "<group>";
		};
/* End PBXVariantGroup section */

/* Begin XCBuildConfiguration section */
		7AEED3652C5B86A6005E6B60 /* Debug */ = {
			isa = XCBuildConfiguration;
			buildSettings = {
				ALWAYS_SEARCH_USER_PATHS = NO;
				ASSETCATALOG_COMPILER_GENERATE_SWIFT_ASSET_SYMBOL_EXTENSIONS = YES;
				CLANG_ANALYZER_NONNULL = YES;
				CLANG_ANALYZER_NUMBER_OBJECT_CONVERSION = YES_AGGRESSIVE;
				CLANG_CXX_LANGUAGE_STANDARD = "gnu++20";
				CLANG_ENABLE_MODULES = YES;
				CLANG_ENABLE_OBJC_ARC = YES;
				CLANG_ENABLE_OBJC_WEAK = YES;
				CLANG_WARN_BLOCK_CAPTURE_AUTORELEASING = YES;
				CLANG_WARN_BOOL_CONVERSION = YES;
				CLANG_WARN_COMMA = YES;
				CLANG_WARN_CONSTANT_CONVERSION = YES;
				CLANG_WARN_DEPRECATED_OBJC_IMPLEMENTATIONS = YES;
				CLANG_WARN_DIRECT_OBJC_ISA_USAGE = YES_ERROR;
				CLANG_WARN_DOCUMENTATION_COMMENTS = YES;
				CLANG_WARN_EMPTY_BODY = YES;
				CLANG_WARN_ENUM_CONVERSION = YES;
				CLANG_WARN_INFINITE_RECURSION = YES;
				CLANG_WARN_INT_CONVERSION = YES;
				CLANG_WARN_NON_LITERAL_NULL_CONVERSION = YES;
				CLANG_WARN_OBJC_IMPLICIT_RETAIN_SELF = YES;
				CLANG_WARN_OBJC_LITERAL_CONVERSION = YES;
				CLANG_WARN_OBJC_ROOT_CLASS = YES_ERROR;
				CLANG_WARN_QUOTED_INCLUDE_IN_FRAMEWORK_HEADER = YES;
				CLANG_WARN_RANGE_LOOP_ANALYSIS = YES;
				CLANG_WARN_STRICT_PROTOTYPES = YES;
				CLANG_WARN_SUSPICIOUS_MOVE = YES;
				CLANG_WARN_UNGUARDED_AVAILABILITY = YES_AGGRESSIVE;
				CLANG_WARN_UNREACHABLE_CODE = YES;
				CLANG_WARN__DUPLICATE_METHOD_MATCH = YES;
				COPY_PHASE_STRIP = NO;
				DEBUG_INFORMATION_FORMAT = dwarf;
				ENABLE_STRICT_OBJC_MSGSEND = YES;
				ENABLE_TESTABILITY = YES;
				ENABLE_USER_SCRIPT_SANDBOXING = YES;
				GCC_C_LANGUAGE_STANDARD = gnu17;
				GCC_DYNAMIC_NO_PIC = NO;
				GCC_NO_COMMON_BLOCKS = YES;
				GCC_OPTIMIZATION_LEVEL = 0;
				GCC_PREPROCESSOR_DEFINITIONS = (
					"DEBUG=1",
					"$(inherited)",
				);
				GCC_WARN_64_TO_32_BIT_CONVERSION = YES;
				GCC_WARN_ABOUT_RETURN_TYPE = YES_ERROR;
				GCC_WARN_UNDECLARED_SELECTOR = YES;
				GCC_WARN_UNINITIALIZED_AUTOS = YES_AGGRESSIVE;
				GCC_WARN_UNUSED_FUNCTION = YES;
				GCC_WARN_UNUSED_VARIABLE = YES;
				IPHONEOS_DEPLOYMENT_TARGET = 14.0;
				LOCALIZATION_PREFERS_STRING_CATALOGS = YES;
				MTL_ENABLE_DEBUG_INFO = INCLUDE_SOURCE;
				MTL_FAST_MATH = YES;
				ONLY_ACTIVE_ARCH = YES;
				SDKROOT = iphoneos;
				SWIFT_ACTIVE_COMPILATION_CONDITIONS = "DEBUG $(inherited)";
				SWIFT_OPTIMIZATION_LEVEL = "-Onone";
			};
			name = Debug;
		};
		7AEED3662C5B86A6005E6B60 /* Release */ = {
			isa = XCBuildConfiguration;
			buildSettings = {
				ALWAYS_SEARCH_USER_PATHS = NO;
				ASSETCATALOG_COMPILER_GENERATE_SWIFT_ASSET_SYMBOL_EXTENSIONS = YES;
				CLANG_ANALYZER_NONNULL = YES;
				CLANG_ANALYZER_NUMBER_OBJECT_CONVERSION = YES_AGGRESSIVE;
				CLANG_CXX_LANGUAGE_STANDARD = "gnu++20";
				CLANG_ENABLE_MODULES = YES;
				CLANG_ENABLE_OBJC_ARC = YES;
				CLANG_ENABLE_OBJC_WEAK = YES;
				CLANG_WARN_BLOCK_CAPTURE_AUTORELEASING = YES;
				CLANG_WARN_BOOL_CONVERSION = YES;
				CLANG_WARN_COMMA = YES;
				CLANG_WARN_CONSTANT_CONVERSION = YES;
				CLANG_WARN_DEPRECATED_OBJC_IMPLEMENTATIONS = YES;
				CLANG_WARN_DIRECT_OBJC_ISA_USAGE = YES_ERROR;
				CLANG_WARN_DOCUMENTATION_COMMENTS = YES;
				CLANG_WARN_EMPTY_BODY = YES;
				CLANG_WARN_ENUM_CONVERSION = YES;
				CLANG_WARN_INFINITE_RECURSION = YES;
				CLANG_WARN_INT_CONVERSION = YES;
				CLANG_WARN_NON_LITERAL_NULL_CONVERSION = YES;
				CLANG_WARN_OBJC_IMPLICIT_RETAIN_SELF = YES;
				CLANG_WARN_OBJC_LITERAL_CONVERSION = YES;
				CLANG_WARN_OBJC_ROOT_CLASS = YES_ERROR;
				CLANG_WARN_QUOTED_INCLUDE_IN_FRAMEWORK_HEADER = YES;
				CLANG_WARN_RANGE_LOOP_ANALYSIS = YES;
				CLANG_WARN_STRICT_PROTOTYPES = YES;
				CLANG_WARN_SUSPICIOUS_MOVE = YES;
				CLANG_WARN_UNGUARDED_AVAILABILITY = YES_AGGRESSIVE;
				CLANG_WARN_UNREACHABLE_CODE = YES;
				CLANG_WARN__DUPLICATE_METHOD_MATCH = YES;
				COPY_PHASE_STRIP = NO;
				DEBUG_INFORMATION_FORMAT = "dwarf-with-dsym";
				ENABLE_NS_ASSERTIONS = NO;
				ENABLE_STRICT_OBJC_MSGSEND = YES;
				ENABLE_USER_SCRIPT_SANDBOXING = YES;
				GCC_C_LANGUAGE_STANDARD = gnu17;
				GCC_NO_COMMON_BLOCKS = YES;
				GCC_WARN_64_TO_32_BIT_CONVERSION = YES;
				GCC_WARN_ABOUT_RETURN_TYPE = YES_ERROR;
				GCC_WARN_UNDECLARED_SELECTOR = YES;
				GCC_WARN_UNINITIALIZED_AUTOS = YES_AGGRESSIVE;
				GCC_WARN_UNUSED_FUNCTION = YES;
				GCC_WARN_UNUSED_VARIABLE = YES;
				IPHONEOS_DEPLOYMENT_TARGET = 14.0;
				LOCALIZATION_PREFERS_STRING_CATALOGS = YES;
				MTL_ENABLE_DEBUG_INFO = NO;
				MTL_FAST_MATH = YES;
				SDKROOT = iphoneos;
				SWIFT_COMPILATION_MODE = wholemodule;
				VALIDATE_PRODUCT = YES;
			};
			name = Release;
		};
		7AEED3682C5B86A6005E6B60 /* Debug */ = {
			isa = XCBuildConfiguration;
			buildSettings = {
				ASSETCATALOG_COMPILER_APPICON_NAME = AppIcon;
				ASSETCATALOG_COMPILER_GLOBAL_ACCENT_COLOR_NAME = AccentColor;
				CODE_SIGN_STYLE = Automatic;
				CURRENT_PROJECT_VERSION = 1;
				GENERATE_INFOPLIST_FILE = YES;
				INFOPLIST_FILE = IconSearch/Resources/Info.plist;
				INFOPLIST_KEY_UIApplicationSupportsIndirectInputEvents = YES;
				INFOPLIST_KEY_UILaunchStoryboardName = LaunchScreen;
				INFOPLIST_KEY_UISupportedInterfaceOrientations_iPad = "UIInterfaceOrientationPortrait UIInterfaceOrientationPortraitUpsideDown UIInterfaceOrientationLandscapeLeft UIInterfaceOrientationLandscapeRight";
				INFOPLIST_KEY_UISupportedInterfaceOrientations_iPhone = "UIInterfaceOrientationPortrait UIInterfaceOrientationLandscapeLeft UIInterfaceOrientationLandscapeRight";
				IPHONEOS_DEPLOYMENT_TARGET = 14.0;
				LD_RUNPATH_SEARCH_PATHS = (
					"$(inherited)",
					"@executable_path/Frameworks",
				);
				MARKETING_VERSION = 1.0;
				PRODUCT_BUNDLE_IDENTIFIER = com.test.IconSearch;
				PRODUCT_NAME = "$(TARGET_NAME)";
				SWIFT_EMIT_LOC_STRINGS = YES;
				SWIFT_VERSION = 5.0;
				TARGETED_DEVICE_FAMILY = "1,2";
			};
			name = Debug;
		};
		7AEED3692C5B86A6005E6B60 /* Release */ = {
			isa = XCBuildConfiguration;
			buildSettings = {
				ASSETCATALOG_COMPILER_APPICON_NAME = AppIcon;
				ASSETCATALOG_COMPILER_GLOBAL_ACCENT_COLOR_NAME = AccentColor;
				CODE_SIGN_STYLE = Automatic;
				CURRENT_PROJECT_VERSION = 1;
				GENERATE_INFOPLIST_FILE = YES;
				INFOPLIST_FILE = IconSearch/Resources/Info.plist;
				INFOPLIST_KEY_UIApplicationSupportsIndirectInputEvents = YES;
				INFOPLIST_KEY_UILaunchStoryboardName = LaunchScreen;
				INFOPLIST_KEY_UISupportedInterfaceOrientations_iPad = "UIInterfaceOrientationPortrait UIInterfaceOrientationPortraitUpsideDown UIInterfaceOrientationLandscapeLeft UIInterfaceOrientationLandscapeRight";
				INFOPLIST_KEY_UISupportedInterfaceOrientations_iPhone = "UIInterfaceOrientationPortrait UIInterfaceOrientationLandscapeLeft UIInterfaceOrientationLandscapeRight";
				IPHONEOS_DEPLOYMENT_TARGET = 14.0;
				LD_RUNPATH_SEARCH_PATHS = (
					"$(inherited)",
					"@executable_path/Frameworks",
				);
				MARKETING_VERSION = 1.0;
				PRODUCT_BUNDLE_IDENTIFIER = com.test.IconSearch;
				PRODUCT_NAME = "$(TARGET_NAME)";
				SWIFT_EMIT_LOC_STRINGS = YES;
				SWIFT_VERSION = 5.0;
				TARGETED_DEVICE_FAMILY = "1,2";
			};
			name = Release;
		};
/* End XCBuildConfiguration section */

/* Begin XCConfigurationList section */
		7AEED34E2C5B86A5005E6B60 /* Build configuration list for PBXProject "IconSearch" */ = {
			isa = XCConfigurationList;
			buildConfigurations = (
				7AEED3652C5B86A6005E6B60 /* Debug */,
				7AEED3662C5B86A6005E6B60 /* Release */,
			);
			defaultConfigurationIsVisible = 0;
			defaultConfigurationName = Release;
		};
		7AEED3672C5B86A6005E6B60 /* Build configuration list for PBXNativeTarget "IconSearch" */ = {
			isa = XCConfigurationList;
			buildConfigurations = (
				7AEED3682C5B86A6005E6B60 /* Debug */,
				7AEED3692C5B86A6005E6B60 /* Release */,
			);
			defaultConfigurationIsVisible = 0;
			defaultConfigurationName = Release;
		};
/* End XCConfigurationList section */
	};
	rootObject = 7AEED34B2C5B86A5005E6B60 /* Project object */;
}
